// !$*UTF8*$!
{
	archiveVersion = 1;
	classes = {
	};
	objectVersion = 52;
	objects = {

/* Begin PBXBuildFile section */
		092F139B77C0BA1E004F1CEE /* KolaApp.swift in Sources */ = {isa = PBXBuildFile; fileRef = 092F139A77C0BA1E004F1CEE /* KolaApp.swift */; };
		092F139D77C0BA1E004F1CEE /* ContentView.swift in Sources */ = {isa = PBXBuildFile; fileRef = 092F139C77C0BA1E004F1CEE /* ContentView.swift */; };
		092F139F77C0BA1E004F1CEE /* Assets.xcassets in Resources */ = {isa = PBXBuildFile; fileRef = 092F139E77C0BA1E004F1CEE /* Assets.xcassets */; };
		092F13A277C0BA1E004F1CEE /* Preview Assets.xcassets in Resources */ = {isa = PBXBuildFile; fileRef = 092F13A177C0BA1E004F1CEE /* Preview Assets.xcassets */; };
		092F13AD77C0BA1E004F1CEE /* KolaTests.swift in Sources */ = {isa = PBXBuildFile; fileRef = 092F13AC77C0BA1E004F1CEE /* KolaTests.swift */; };
		092F13B877C0BA1E004F1CEE /* KolaUITests.swift in Sources */ = {isa = PBXBuildFile; fileRef = 092F13B777C0BA1E004F1CEE /* KolaUITests.swift */; };
		0944A8512CC76CE200155F63 /* StatisticView.swift in Sources */ = {isa = PBXBuildFile; fileRef = 0944A8502CC76CE200155F63 /* StatisticView.swift */; };
		0944A8572CC785F500155F63 /* DGChartsDynamic in Frameworks */ = {isa = PBXBuildFile; productRef = 0944A8562CC785F500155F63 /* DGChartsDynamic */; };
		0944A8582CC785F500155F63 /* DGChartsDynamic in Embed Frameworks */ = {isa = PBXBuildFile; productRef = 0944A8562CC785F500155F63 /* DGChartsDynamic */; settings = {ATTRIBUTES = (CodeSignOnCopy, ); }; };
		0944A85A2CC785F500155F63 /* DGCharts in Frameworks */ = {isa = PBXBuildFile; productRef = 0944A8592CC785F500155F63 /* DGCharts */; };
		09C52D5F2CC74E8000CB0D7D /* ColorData.swift in Sources */ = {isa = PBXBuildFile; fileRef = 09C52D5E2CC74E8000CB0D7D /* ColorData.swift */; };
/* End PBXBuildFile section */

/* Begin PBXContainerItemProxy section */
		092F13A977C0BA1E004F1CEE /* PBXContainerItemProxy */ = {
			isa = PBXContainerItemProxy;
			containerPortal = 092F138F77C0BA1E004F1CEE /* Project object */;
			proxyType = 1;
			remoteGlobalIDString = 092F139677C0BA1E004F1CEE;
			remoteInfo = Kola;
		};
		092F13B477C0BA1E004F1CEE /* PBXContainerItemProxy */ = {
			isa = PBXContainerItemProxy;
			containerPortal = 092F138F77C0BA1E004F1CEE /* Project object */;
			proxyType = 1;
			remoteGlobalIDString = 092F139677C0BA1E004F1CEE;
			remoteInfo = Kola;
		};
/* End PBXContainerItemProxy section */

/* Begin PBXCopyFilesBuildPhase section */
		0944A85B2CC785FB00155F63 /* Embed Frameworks */ = {
			isa = PBXCopyFilesBuildPhase;
			buildActionMask = 2147483647;
			dstPath = "";
			dstSubfolderSpec = 10;
			files = (
				0944A8582CC785F500155F63 /* DGChartsDynamic in Embed Frameworks */,
			);
			name = "Embed Frameworks";
			runOnlyForDeploymentPostprocessing = 0;
		};
/* End PBXCopyFilesBuildPhase section */

/* Begin PBXFileReference section */
		092F139777C0BA1E004F1CEE /* Kola.app */ = {isa = PBXFileReference; explicitFileType = wrapper.application; includeInIndex = 0; path = Kola.app; sourceTree = BUILT_PRODUCTS_DIR; };
		092F139A77C0BA1E004F1CEE /* KolaApp.swift */ = {isa = PBXFileReference; lastKnownFileType = sourcecode.swift; path = KolaApp.swift; sourceTree = "<group>"; };
		092F139C77C0BA1E004F1CEE /* ContentView.swift */ = {isa = PBXFileReference; lastKnownFileType = sourcecode.swift; path = ContentView.swift; sourceTree = "<group>"; };
		092F139E77C0BA1E004F1CEE /* Assets.xcassets */ = {isa = PBXFileReference; lastKnownFileType = folder.assetcatalog; path = Assets.xcassets; sourceTree = "<group>"; };
		092F13A177C0BA1E004F1CEE /* Preview Assets.xcassets */ = {isa = PBXFileReference; lastKnownFileType = folder.assetcatalog; path = "Preview Assets.xcassets"; sourceTree = "<group>"; };
		092F13A377C0BA1E004F1CEE /* Info.plist */ = {isa = PBXFileReference; lastKnownFileType = text.plist.xml; path = Info.plist; sourceTree = "<group>"; };
		092F13A877C0BA1E004F1CEE /* KolaTests.xctest */ = {isa = PBXFileReference; explicitFileType = wrapper.cfbundle; includeInIndex = 0; path = KolaTests.xctest; sourceTree = BUILT_PRODUCTS_DIR; };
		092F13AC77C0BA1E004F1CEE /* KolaTests.swift */ = {isa = PBXFileReference; lastKnownFileType = sourcecode.swift; path = KolaTests.swift; sourceTree = "<group>"; };
		092F13AE77C0BA1E004F1CEE /* Info.plist */ = {isa = PBXFileReference; lastKnownFileType = text.plist.xml; path = Info.plist; sourceTree = "<group>"; };
		092F13B377C0BA1E004F1CEE /* KolaUITests.xctest */ = {isa = PBXFileReference; explicitFileType = wrapper.cfbundle; includeInIndex = 0; path = KolaUITests.xctest; sourceTree = BUILT_PRODUCTS_DIR; };
		092F13B777C0BA1E004F1CEE /* KolaUITests.swift */ = {isa = PBXFileReference; lastKnownFileType = sourcecode.swift; path = KolaUITests.swift; sourceTree = "<group>"; };
		092F13B977C0BA1E004F1CEE /* Info.plist */ = {isa = PBXFileReference; lastKnownFileType = text.plist.xml; path = Info.plist; sourceTree = "<group>"; };
		0944A8502CC76CE200155F63 /* StatisticView.swift */ = {isa = PBXFileReference; lastKnownFileType = sourcecode.swift; path = StatisticView.swift; sourceTree = "<group>"; };
		09C52D5E2CC74E8000CB0D7D /* ColorData.swift */ = {isa = PBXFileReference; lastKnownFileType = sourcecode.swift; path = ColorData.swift; sourceTree = "<group>"; };
/* End PBXFileReference section */

/* Begin PBXFrameworksBuildPhase section */
		092F139477C0BA1E004F1CEE /* Frameworks */ = {
			isa = PBXFrameworksBuildPhase;
			buildActionMask = 2147483647;
			files = (
				0944A85A2CC785F500155F63 /* DGCharts in Frameworks */,
				0944A8572CC785F500155F63 /* DGChartsDynamic in Frameworks */,
			);
			runOnlyForDeploymentPostprocessing = 0;
		};
		092F13A577C0BA1E004F1CEE /* Frameworks */ = {
			isa = PBXFrameworksBuildPhase;
			buildActionMask = 2147483647;
			files = (
			);
			runOnlyForDeploymentPostprocessing = 0;
		};
		092F13B077C0BA1E004F1CEE /* Frameworks */ = {
			isa = PBXFrameworksBuildPhase;
			buildActionMask = 2147483647;
			files = (
			);
			runOnlyForDeploymentPostprocessing = 0;
		};
/* End PBXFrameworksBuildPhase section */

/* Begin PBXGroup section */
		092F138E77C0BA1E004F1CEE = {
			isa = PBXGroup;
			children = (
				092F139977C0BA1E004F1CEE /* Kola */,
				092F13AB77C0BA1E004F1CEE /* KolaTests */,
				092F13B677C0BA1E004F1CEE /* KolaUITests */,
				092F139877C0BA1E004F1CEE /* Products */,
			);
			sourceTree = "<group>";
		};
		092F139877C0BA1E004F1CEE /* Products */ = {
			isa = PBXGroup;
			children = (
				092F139777C0BA1E004F1CEE /* Kola.app */,
				092F13A877C0BA1E004F1CEE /* KolaTests.xctest */,
				092F13B377C0BA1E004F1CEE /* KolaUITests.xctest */,
			);
			name = Products;
			sourceTree = "<group>";
		};
		092F139977C0BA1E004F1CEE /* Kola */ = {
			isa = PBXGroup;
			children = (
				092F139A77C0BA1E004F1CEE /* KolaApp.swift */,
				092F139C77C0BA1E004F1CEE /* ContentView.swift */,
				092F139E77C0BA1E004F1CEE /* Assets.xcassets */,
				092F13A377C0BA1E004F1CEE /* Info.plist */,
				092F13A077C0BA1E004F1CEE /* Preview Content */,
				09C52D5E2CC74E8000CB0D7D /* ColorData.swift */,
				0944A8502CC76CE200155F63 /* StatisticView.swift */,
			);
			path = Kola;
			sourceTree = "<group>";
		};
		092F13A077C0BA1E004F1CEE /* Preview Content */ = {
			isa = PBXGroup;
			children = (
				092F13A177C0BA1E004F1CEE /* Preview Assets.xcassets */,
			);
			path = "Preview Content";
			sourceTree = "<group>";
		};
		092F13AB77C0BA1E004F1CEE /* KolaTests */ = {
			isa = PBXGroup;
			children = (
				092F13AC77C0BA1E004F1CEE /* KolaTests.swift */,
				092F13AE77C0BA1E004F1CEE /* Info.plist */,
			);
			path = KolaTests;
			sourceTree = "<group>";
		};
		092F13B677C0BA1E004F1CEE /* KolaUITests */ = {
			isa = PBXGroup;
			children = (
				092F13B777C0BA1E004F1CEE /* KolaUITests.swift */,
				092F13B977C0BA1E004F1CEE /* Info.plist */,
			);
			path = KolaUITests;
			sourceTree = "<group>";
		};
/* End PBXGroup section */

/* Begin PBXNativeTarget section */
		092F139677C0BA1E004F1CEE /* Kola */ = {
			isa = PBXNativeTarget;
			buildConfigurationList = 092F13BC77C0BA1E004F1CEE /* Build configuration list for PBXNativeTarget "Kola" */;
			buildPhases = (
				092F139377C0BA1E004F1CEE /* Sources */,
				092F139477C0BA1E004F1CEE /* Frameworks */,
				092F139577C0BA1E004F1CEE /* Resources */,
				0944A85B2CC785FB00155F63 /* Embed Frameworks */,
			);
			buildRules = (
			);
			dependencies = (
			);
			name = Kola;
			packageProductDependencies = (
				0944A8562CC785F500155F63 /* DGChartsDynamic */,
				0944A8592CC785F500155F63 /* DGCharts */,
			);
			productName = Kola;
			productReference = 092F139777C0BA1E004F1CEE /* Kola.app */;
			productType = "com.apple.product-type.application";
		};
		092F13A777C0BA1E004F1CEE /* KolaTests */ = {
			isa = PBXNativeTarget;
			buildConfigurationList = 092F13BF77C0BA1E004F1CEE /* Build configuration list for PBXNativeTarget "KolaTests" */;
			buildPhases = (
				092F13A477C0BA1E004F1CEE /* Sources */,
				092F13A577C0BA1E004F1CEE /* Frameworks */,
				092F13A677C0BA1E004F1CEE /* Resources */,
			);
			buildRules = (
			);
			dependencies = (
				092F13AA77C0BA1E004F1CEE /* PBXTargetDependency */,
			);
			name = KolaTests;
			productName = KolaTests;
			productReference = 092F13A877C0BA1E004F1CEE /* KolaTests.xctest */;
			productType = "com.apple.product-type.bundle.unit-test";
		};
		092F13B277C0BA1E004F1CEE /* KolaUITests */ = {
			isa = PBXNativeTarget;
			buildConfigurationList = 092F13C277C0BA1E004F1CEE /* Build configuration list for PBXNativeTarget "KolaUITests" */;
			buildPhases = (
				092F13AF77C0BA1E004F1CEE /* Sources */,
				092F13B077C0BA1E004F1CEE /* Frameworks */,
				092F13B177C0BA1E004F1CEE /* Resources */,
			);
			buildRules = (
			);
			dependencies = (
				092F13B577C0BA1E004F1CEE /* PBXTargetDependency */,
			);
			name = KolaUITests;
			productName = KolaUITests;
			productReference = 092F13B377C0BA1E004F1CEE /* KolaUITests.xctest */;
			productType = "com.apple.product-type.bundle.ui-testing";
		};
/* End PBXNativeTarget section */

/* Begin PBXProject section */
		092F138F77C0BA1E004F1CEE /* Project object */ = {
			isa = PBXProject;
			attributes = {
				LastSwiftUpdateCheck = 1240;
				LastUpgradeCheck = 1240;
				TargetAttributes = {
					092F139677C0BA1E004F1CEE = {
						CreatedOnToolsVersion = 12.4;
					};
					092F13A777C0BA1E004F1CEE = {
						CreatedOnToolsVersion = 12.4;
						TestTargetID = 092F139677C0BA1E004F1CEE;
					};
					092F13B277C0BA1E004F1CEE = {
						CreatedOnToolsVersion = 12.4;
						TestTargetID = 092F139677C0BA1E004F1CEE;
					};
				};
			};
			buildConfigurationList = 092F139277C0BA1E004F1CEE /* Build configuration list for PBXProject "Kola" */;
			compatibilityVersion = "Xcode 9.3";
			developmentRegion = en;
			hasScannedForEncodings = 0;
			knownRegions = (
				en,
				Base,
			);
			mainGroup = 092F138E77C0BA1E004F1CEE;
			packageReferences = (
				0944A8552CC785F500155F63 /* XCRemoteSwiftPackageReference "Charts" */,
			);
			productRefGroup = 092F139877C0BA1E004F1CEE /* Products */;
			projectDirPath = "";
			projectRoot = "";
			targets = (
				092F139677C0BA1E004F1CEE /* Kola */,
				092F13A777C0BA1E004F1CEE /* KolaTests */,
				092F13B277C0BA1E004F1CEE /* KolaUITests */,
			);
		};
/* End PBXProject section */

/* Begin PBXResourcesBuildPhase section */
		092F139577C0BA1E004F1CEE /* Resources */ = {
			isa = PBXResourcesBuildPhase;
			buildActionMask = 2147483647;
			files = (
				092F13A277C0BA1E004F1CEE /* Preview Assets.xcassets in Resources */,
				092F139F77C0BA1E004F1CEE /* Assets.xcassets in Resources */,
			);
			runOnlyForDeploymentPostprocessing = 0;
		};
		092F13A677C0BA1E004F1CEE /* Resources */ = {
			isa = PBXResourcesBuildPhase;
			buildActionMask = 2147483647;
			files = (
			);
			runOnlyForDeploymentPostprocessing = 0;
		};
		092F13B177C0BA1E004F1CEE /* Resources */ = {
			isa = PBXResourcesBuildPhase;
			buildActionMask = 2147483647;
			files = (
			);
			runOnlyForDeploymentPostprocessing = 0;
		};
/* End PBXResourcesBuildPhase section */

/* Begin PBXSourcesBuildPhase section */
		092F139377C0BA1E004F1CEE /* Sources */ = {
			isa = PBXSourcesBuildPhase;
			buildActionMask = 2147483647;
			files = (
				092F139D77C0BA1E004F1CEE /* ContentView.swift in Sources */,
				0944A8512CC76CE200155F63 /* StatisticView.swift in Sources */,
				092F139B77C0BA1E004F1CEE /* KolaApp.swift in Sources */,
				09C52D5F2CC74E8000CB0D7D /* ColorData.swift in Sources */,
			);
			runOnlyForDeploymentPostprocessing = 0;
		};
		092F13A477C0BA1E004F1CEE /* Sources */ = {
			isa = PBXSourcesBuildPhase;
			buildActionMask = 2147483647;
			files = (
				092F13AD77C0BA1E004F1CEE /* KolaTests.swift in Sources */,
			);
			runOnlyForDeploymentPostprocessing = 0;
		};
		092F13AF77C0BA1E004F1CEE /* Sources */ = {
			isa = PBXSourcesBuildPhase;
			buildActionMask = 2147483647;
			files = (
				092F13B877C0BA1E004F1CEE /* KolaUITests.swift in Sources */,
			);
			runOnlyForDeploymentPostprocessing = 0;
		};
/* End PBXSourcesBuildPhase section */

/* Begin PBXTargetDependency section */
		092F13AA77C0BA1E004F1CEE /* PBXTargetDependency */ = {
			isa = PBXTargetDependency;
			target = 092F139677C0BA1E004F1CEE /* Kola */;
			targetProxy = 092F13A977C0BA1E004F1CEE /* PBXContainerItemProxy */;
		};
		092F13B577C0BA1E004F1CEE /* PBXTargetDependency */ = {
			isa = PBXTargetDependency;
			target = 092F139677C0BA1E004F1CEE /* Kola */;
			targetProxy = 092F13B477C0BA1E004F1CEE /* PBXContainerItemProxy */;
		};
/* End PBXTargetDependency section */

/* Begin XCBuildConfiguration section */
		092F13BA77C0BA1E004F1CEE /* Debug */ = {
			isa = XCBuildConfiguration;
			buildSettings = {
				ALWAYS_SEARCH_USER_PATHS = NO;
				CLANG_ANALYZER_NONNULL = YES;
				CLANG_ANALYZER_NUMBER_OBJECT_CONVERSION = YES_AGGRESSIVE;
				CLANG_CXX_LANGUAGE_STANDARD = "gnu++14";
				CLANG_CXX_LIBRARY = "libc++";
				CLANG_ENABLE_MODULES = YES;
				CLANG_ENABLE_OBJC_ARC = YES;
				CLANG_ENABLE_OBJC_WEAK = YES;
				CLANG_WARN_BLOCK_CAPTURE_AUTORELEASING = YES;
				CLANG_WARN_BOOL_CONVERSION = YES;
				CLANG_WARN_COMMA = YES;
				CLANG_WARN_CONSTANT_CONVERSION = YES;
				CLANG_WARN_DEPRECATED_OBJC_IMPLEMENTATIONS = YES;
				CLANG_WARN_DIRECT_OBJC_ISA_USAGE = YES_ERROR;
				CLANG_WARN_DOCUMENTATION_COMMENTS = YES;
				CLANG_WARN_EMPTY_BODY = YES;
				CLANG_WARN_ENUM_CONVERSION = YES;
				CLANG_WARN_INFINITE_RECURSION = YES;
				CLANG_WARN_INT_CONVERSION = YES;
				CLANG_WARN_NON_LITERAL_NULL_CONVERSION = YES;
				CLANG_WARN_OBJC_IMPLICIT_RETAIN_SELF = YES;
				CLANG_WARN_OBJC_LITERAL_CONVERSION = YES;
				CLANG_WARN_OBJC_ROOT_CLASS = YES_ERROR;
				CLANG_WARN_QUOTED_INCLUDE_IN_FRAMEWORK_HEADER = YES;
				CLANG_WARN_RANGE_LOOP_ANALYSIS = YES;
				CLANG_WARN_STRICT_PROTOTYPES = YES;
				CLANG_WARN_SUSPICIOUS_MOVE = YES;
				CLANG_WARN_UNGUARDED_AVAILABILITY = YES_AGGRESSIVE;
				CLANG_WARN_UNREACHABLE_CODE = YES;
				CLANG_WARN__DUPLICATE_METHOD_MATCH = YES;
				COPY_PHASE_STRIP = NO;
				DEBUG_INFORMATION_FORMAT = dwarf;
				ENABLE_STRICT_OBJC_MSGSEND = YES;
				ENABLE_TESTABILITY = YES;
				GCC_C_LANGUAGE_STANDARD = gnu11;
				GCC_DYNAMIC_NO_PIC = NO;
				GCC_NO_COMMON_BLOCKS = YES;
				GCC_OPTIMIZATION_LEVEL = 0;
				GCC_PREPROCESSOR_DEFINITIONS = (
					"DEBUG=1",
					"$(inherited)",
				);
				GCC_WARN_64_TO_32_BIT_CONVERSION = YES;
				GCC_WARN_ABOUT_RETURN_TYPE = YES_ERROR;
				GCC_WARN_UNDECLARED_SELECTOR = YES;
				GCC_WARN_UNINITIALIZED_AUTOS = YES_AGGRESSIVE;
				GCC_WARN_UNUSED_FUNCTION = YES;
				GCC_WARN_UNUSED_VARIABLE = YES;
				IPHONEOS_DEPLOYMENT_TARGET = 14.4;
				MTL_ENABLE_DEBUG_INFO = INCLUDE_SOURCE;
				MTL_FAST_MATH = YES;
				ONLY_ACTIVE_ARCH = YES;
				SDKROOT = iphoneos;
				SWIFT_ACTIVE_COMPILATION_CONDITIONS = DEBUG;
				SWIFT_OPTIMIZATION_LEVEL = "-Onone";
			};
			name = Debug;
		};
		092F13BB77C0BA1E004F1CEE /* Release */ = {
			isa = XCBuildConfiguration;
			buildSettings = {
				ALWAYS_SEARCH_USER_PATHS = NO;
				CLANG_ANALYZER_NONNULL = YES;
				CLANG_ANALYZER_NUMBER_OBJECT_CONVERSION = YES_AGGRESSIVE;
				CLANG_CXX_LANGUAGE_STANDARD = "gnu++14";
				CLANG_CXX_LIBRARY = "libc++";
				CLANG_ENABLE_MODULES = YES;
				CLANG_ENABLE_OBJC_ARC = YES;
				CLANG_ENABLE_OBJC_WEAK = YES;
				CLANG_WARN_BLOCK_CAPTURE_AUTORELEASING = YES;
				CLANG_WARN_BOOL_CONVERSION = YES;
				CLANG_WARN_COMMA = YES;
				CLANG_WARN_CONSTANT_CONVERSION = YES;
				CLANG_WARN_DEPRECATED_OBJC_IMPLEMENTATIONS = YES;
				CLANG_WARN_DIRECT_OBJC_ISA_USAGE = YES_ERROR;
				CLANG_WARN_DOCUMENTATION_COMMENTS = YES;
				CLANG_WARN_EMPTY_BODY = YES;
				CLANG_WARN_ENUM_CONVERSION = YES;
				CLANG_WARN_INFINITE_RECURSION = YES;
				CLANG_WARN_INT_CONVERSION = YES;
				CLANG_WARN_NON_LITERAL_NULL_CONVERSION = YES;
				CLANG_WARN_OBJC_IMPLICIT_RETAIN_SELF = YES;
				CLANG_WARN_OBJC_LITERAL_CONVERSION = YES;
				CLANG_WARN_OBJC_ROOT_CLASS = YES_ERROR;
				CLANG_WARN_QUOTED_INCLUDE_IN_FRAMEWORK_HEADER = YES;
				CLANG_WARN_RANGE_LOOP_ANALYSIS = YES;
				CLANG_WARN_STRICT_PROTOTYPES = YES;
				CLANG_WARN_SUSPICIOUS_MOVE = YES;
				CLANG_WARN_UNGUARDED_AVAILABILITY = YES_AGGRESSIVE;
				CLANG_WARN_UNREACHABLE_CODE = YES;
				CLANG_WARN__DUPLICATE_METHOD_MATCH = YES;
				COPY_PHASE_STRIP = NO;
				DEBUG_INFORMATION_FORMAT = "dwarf-with-dsym";
				ENABLE_NS_ASSERTIONS = NO;
				ENABLE_STRICT_OBJC_MSGSEND = YES;
				GCC_C_LANGUAGE_STANDARD = gnu11;
				GCC_NO_COMMON_BLOCKS = YES;
				GCC_WARN_64_TO_32_BIT_CONVERSION = YES;
				GCC_WARN_ABOUT_RETURN_TYPE = YES_ERROR;
				GCC_WARN_UNDECLARED_SELECTOR = YES;
				GCC_WARN_UNINITIALIZED_AUTOS = YES_AGGRESSIVE;
				GCC_WARN_UNUSED_FUNCTION = YES;
				GCC_WARN_UNUSED_VARIABLE = YES;
				IPHONEOS_DEPLOYMENT_TARGET = 14.4;
				MTL_ENABLE_DEBUG_INFO = NO;
				MTL_FAST_MATH = YES;
				SDKROOT = iphoneos;
				SWIFT_COMPILATION_MODE = wholemodule;
				SWIFT_OPTIMIZATION_LEVEL = "-O";
				VALIDATE_PRODUCT = YES;
			};
			name = Release;
		};
		092F13BD77C0BA1E004F1CEE /* Debug */ = {
			isa = XCBuildConfiguration;
			buildSettings = {
				ASSETCATALOG_COMPILER_APPICON_NAME = AppIcon;
				ASSETCATALOG_COMPILER_GLOBAL_ACCENT_COLOR_NAME = AccentColor;
				CODE_SIGN_STYLE = Automatic;
				DEVELOPMENT_ASSET_PATHS = "\"Kola/Preview Content\"";
				DEVELOPMENT_TEAM = U73PU2V79F;
				ENABLE_PREVIEWS = YES;
				INFOPLIST_FILE = Kola/Info.plist;
				IPHONEOS_DEPLOYMENT_TARGET = 14.0;
				LD_RUNPATH_SEARCH_PATHS = (
					"$(inherited)",
					"@executable_path/Frameworks",
				);
				PRODUCT_BUNDLE_IDENTIFIER = qwertyavatar.Kola;
				PRODUCT_NAME = "$(TARGET_NAME)";
				SWIFT_VERSION = 5.0;
				TARGETED_DEVICE_FAMILY = "1,2";
			};
			name = Debug;
		};
		092F13BE77C0BA1E004F1CEE /* Release */ = {
			isa = XCBuildConfiguration;
			buildSettings = {
				ASSETCATALOG_COMPILER_APPICON_NAME = AppIcon;
				ASSETCATALOG_COMPILER_GLOBAL_ACCENT_COLOR_NAME = AccentColor;
				CODE_SIGN_STYLE = Automatic;
				DEVELOPMENT_ASSET_PATHS = "\"Kola/Preview Content\"";
				DEVELOPMENT_TEAM = U73PU2V79F;
				ENABLE_PREVIEWS = YES;
				INFOPLIST_FILE = Kola/Info.plist;
				IPHONEOS_DEPLOYMENT_TARGET = 14.0;
				LD_RUNPATH_SEARCH_PATHS = (
					"$(inherited)",
					"@executable_path/Frameworks",
				);
				PRODUCT_BUNDLE_IDENTIFIER = qwertyavatar.Kola;
				PRODUCT_NAME = "$(TARGET_NAME)";
				SWIFT_VERSION = 5.0;
				TARGETED_DEVICE_FAMILY = "1,2";
			};
			name = Release;
		};
		092F13C077C0BA1E004F1CEE /* Debug */ = {
			isa = XCBuildConfiguration;
			buildSettings = {
				ALWAYS_EMBED_SWIFT_STANDARD_LIBRARIES = YES;
				BUNDLE_LOADER = "$(TEST_HOST)";
				CODE_SIGN_STYLE = Automatic;
				DEVELOPMENT_TEAM = U73PU2V79F;
				INFOPLIST_FILE = KolaTests/Info.plist;
				IPHONEOS_DEPLOYMENT_TARGET = 14.0;
				LD_RUNPATH_SEARCH_PATHS = (
					"$(inherited)",
					"@executable_path/Frameworks",
					"@loader_path/Frameworks",
				);
				PRODUCT_BUNDLE_IDENTIFIER = qwertyavatar.KolaTests;
				PRODUCT_NAME = "$(TARGET_NAME)";
				SWIFT_VERSION = 5.0;
				TARGETED_DEVICE_FAMILY = "1,2";
				TEST_HOST = "$(BUILT_PRODUCTS_DIR)/Kola.app/Kola";
			};
			name = Debug;
		};
		092F13C177C0BA1E004F1CEE /* Release */ = {
			isa = XCBuildConfiguration;
			buildSettings = {
				ALWAYS_EMBED_SWIFT_STANDARD_LIBRARIES = YES;
				BUNDLE_LOADER = "$(TEST_HOST)";
				CODE_SIGN_STYLE = Automatic;
				DEVELOPMENT_TEAM = U73PU2V79F;
				INFOPLIST_FILE = KolaTests/Info.plist;
				IPHONEOS_DEPLOYMENT_TARGET = 14.0;
				LD_RUNPATH_SEARCH_PATHS = (
					"$(inherited)",
					"@executable_path/Frameworks",
					"@loader_path/Frameworks",
				);
				PRODUCT_BUNDLE_IDENTIFIER = qwertyavatar.KolaTests;
				PRODUCT_NAME = "$(TARGET_NAME)";
				SWIFT_VERSION = 5.0;
				TARGETED_DEVICE_FAMILY = "1,2";
				TEST_HOST = "$(BUILT_PRODUCTS_DIR)/Kola.app/Kola";
			};
			name = Release;
		};
		092F13C377C0BA1E004F1CEE /* Debug */ = {
			isa = XCBuildConfiguration;
			buildSettings = {
				ALWAYS_EMBED_SWIFT_STANDARD_LIBRARIES = YES;
				CODE_SIGN_STYLE = Automatic;
				DEVELOPMENT_TEAM = U73PU2V79F;
				INFOPLIST_FILE = KolaUITests/Info.plist;
				LD_RUNPATH_SEARCH_PATHS = (
					"$(inherited)",
					"@executable_path/Frameworks",
					"@loader_path/Frameworks",
				);
				PRODUCT_BUNDLE_IDENTIFIER = qwertyavatar.KolaUITests;
				PRODUCT_NAME = "$(TARGET_NAME)";
				SWIFT_VERSION = 5.0;
				TARGETED_DEVICE_FAMILY = "1,2";
				TEST_TARGET_NAME = Kola;
			};
			name = Debug;
		};
		092F13C477C0BA1E004F1CEE /* Release */ = {
			isa = XCBuildConfiguration;
			buildSettings = {
				ALWAYS_EMBED_SWIFT_STANDARD_LIBRARIES = YES;
				CODE_SIGN_STYLE = Automatic;
				DEVELOPMENT_TEAM = U73PU2V79F;
				INFOPLIST_FILE = KolaUITests/Info.plist;
				LD_RUNPATH_SEARCH_PATHS = (
					"$(inherited)",
					"@executable_path/Frameworks",
					"@loader_path/Frameworks",
				);
				PRODUCT_BUNDLE_IDENTIFIER = qwertyavatar.KolaUITests;
				PRODUCT_NAME = "$(TARGET_NAME)";
				SWIFT_VERSION = 5.0;
				TARGETED_DEVICE_FAMILY = "1,2";
				TEST_TARGET_NAME = Kola;
			};
			name = Release;
		};
/* End XCBuildConfiguration section */

/* Begin XCConfigurationList section */
		092F139277C0BA1E004F1CEE /* Build configuration list for PBXProject "Kola" */ = {
			isa = XCConfigurationList;
			buildConfigurations = (
				092F13BA77C0BA1E004F1CEE /* Debug */,
				092F13BB77C0BA1E004F1CEE /* Release */,
			);
			defaultConfigurationIsVisible = 0;
			defaultConfigurationName = Release;
		};
		092F13BC77C0BA1E004F1CEE /* Build configuration list for PBXNativeTarget "Kola" */ = {
			isa = XCConfigurationList;
			buildConfigurations = (
				092F13BD77C0BA1E004F1CEE /* Debug */,
				092F13BE77C0BA1E004F1CEE /* Release */,
			);
			defaultConfigurationIsVisible = 0;
			defaultConfigurationName = Release;
		};
		092F13BF77C0BA1E004F1CEE /* Build configuration list for PBXNativeTarget "KolaTests" */ = {
			isa = XCConfigurationList;
			buildConfigurations = (
				092F13C077C0BA1E004F1CEE /* Debug */,
				092F13C177C0BA1E004F1CEE /* Release */,
			);
			defaultConfigurationIsVisible = 0;
			defaultConfigurationName = Release;
		};
		092F13C277C0BA1E004F1CEE /* Build configuration list for PBXNativeTarget "KolaUITests" */ = {
			isa = XCConfigurationList;
			buildConfigurations = (
				092F13C377C0BA1E004F1CEE /* Debug */,
				092F13C477C0BA1E004F1CEE /* Release */,
			);
			defaultConfigurationIsVisible = 0;
			defaultConfigurationName = Release;
		};
/* End XCConfigurationList section */

/* Begin XCRemoteSwiftPackageReference section */
		0944A8552CC785F500155F63 /* XCRemoteSwiftPackageReference "Charts" */ = {
			isa = XCRemoteSwiftPackageReference;
			repositoryURL = "https://github.com/ChartsOrg/Charts.git";
			requirement = {
				kind = upToNextMajorVersion;
				minimumVersion = 5.1.0;
			};
		};
/* End XCRemoteSwiftPackageReference section */

/* Begin XCSwiftPackageProductDependency section */
		0944A8562CC785F500155F63 /* DGChartsDynamic */ = {
			isa = XCSwiftPackageProductDependency;
			package = 0944A8552CC785F500155F63 /* XCRemoteSwiftPackageReference "Charts" */;
			productName = DGChartsDynamic;
		};
		0944A8592CC785F500155F63 /* DGCharts */ = {
			isa = XCSwiftPackageProductDependency;
			package = 0944A8552CC785F500155F63 /* XCRemoteSwiftPackageReference "Charts" */;
			productName = DGCharts;
		};
/* End XCSwiftPackageProductDependency section */
	};
	rootObject = 092F138F77C0BA1E004F1CEE /* Project object */;
}
